Microsoft Visual Studio Solution File, Format Version 12.00
# Visual Studio Version 17
VisualStudioVersion = 17.5.2.0
MinimumVisualStudioVersion = 10.0.40219.1
Project("{FAE04EC0-301F-11D3-BF4B-00C04F79EFBC}") = "Basic_Tanlash", "Basic_Tanlash.csproj", "{BA24D767-7166-C164-1F62-186198A0A1FF}"
EndProject
Global
	GlobalSection(SolutionConfigurationPlatforms) = preSolution
		Debug|Any CPU = Debug|Any CPU
		Release|Any CPU = Release|Any CPU
	EndGlobalSection
	GlobalSection(ProjectConfigurationPlatforms) = postSolution
		{BA24D767-7166-C164-1F62-186198A0A1FF}.Debug|Any CPU.ActiveCfg = Debug|Any CPU
		{BA24D767-7166-C164-1F62-186198A0A1FF}.Debug|Any CPU.Build.0 = Debug|Any CPU
		{BA24D767-7166-C164-1F62-186198A0A1FF}.Release|Any CPU.ActiveCfg = Release|Any CPU
		{BA24D767-7166-C164-1F62-186198A0A1FF}.Release|Any CPU.Build.0 = Release|Any CPU
	EndGlobalSection
	GlobalSection(SolutionProperties) = preSolution
		HideSolutionNode = FALSE
	EndGlobalSection
	GlobalSection(ExtensibilityGlobals) = postSolution
		SolutionGuid = {724B1058-46FA-4FE7-93D7-F6AE88CEC7CD}
	EndGlobalSection
EndGlobal
